
Microsoft Visual Studio Solution File, Format Version 12.00
# Visual Studio Version 17
VisualStudioVersion = 17.4.33122.133
MinimumVisualStudioVersion = 10.0.40219.1
Project("{FAE04EC0-301F-11D3-BF4B-00C04F79EFBC}") = "TeltonikaTask", "TeltonikaTask\TeltonikaTask.csproj", "{4946C808-CFA1-471F-953E-091A7341035B}"
EndProject
Global
	GlobalSection(SolutionConfigurationPlatforms) = preSolution
		Debug|Any CPU = Debug|Any CPU
		Release|Any CPU = Release|Any CPU
	EndGlobalSection
	GlobalSection(ProjectConfigurationPlatforms) = postSolution
		{4946C808-CFA1-471F-953E-091A7341035B}.Debug|Any CPU.ActiveCfg = Debug|Any CPU
		{4946C808-CFA1-471F-953E-091A7341035B}.Debug|Any CPU.Build.0 = Debug|Any CPU
		{4946C808-CFA1-471F-953E-091A7341035B}.Release|Any CPU.ActiveCfg = Release|Any CPU
		{4946C808-CFA1-471F-953E-091A7341035B}.Release|Any CPU.Build.0 = Release|Any CPU
	EndGlobalSection
	GlobalSection(SolutionProperties) = preSolution
		HideSolutionNode = FALSE
	EndGlobalSection
	GlobalSection(ExtensibilityGlobals) = postSolution
		SolutionGuid = {12E663CB-AC23-4D19-A5DC-03AA4C325A5C}
	EndGlobalSection
EndGlobal
